
Microsoft Visual Studio Solution File, Format Version 12.00
# Visual Studio Version 17
VisualStudioVersion = 17.3.32929.385
MinimumVisualStudioVersion = 10.0.40219.1
Project("{FAE04EC0-301F-11D3-BF4B-00C04F79EFBC}") = "Exec_while01_Q1", "Exec_while01\Exec_while01_Q1.csproj", "{7B2850FF-49B7-407F-89E6-CB0DFE3A9947}"
EndProject
Project("{FAE04EC0-301F-11D3-BF4B-00C04F79EFBC}") = "Exec_while01_Q2", "Exec_while02\Exec_while01_Q2.csproj", "{B0DA6947-31FF-44E4-A830-370E8C716510}"
EndProject
Global
	GlobalSection(SolutionConfigurationPlatforms) = preSolution
		Debug|Any CPU = Debug|Any CPU
		Release|Any CPU = Release|Any CPU
	EndGlobalSection
	GlobalSection(ProjectConfigurationPlatforms) = postSolution
		{7B2850FF-49B7-407F-89E6-CB0DFE3A9947}.Debug|Any CPU.ActiveCfg = Debug|Any CPU
		{7B2850FF-49B7-407F-89E6-CB0DFE3A9947}.Debug|Any CPU.Build.0 = Debug|Any CPU
		{7B2850FF-49B7-407F-89E6-CB0DFE3A9947}.Release|Any CPU.ActiveCfg = Release|Any CPU
		{7B2850FF-49B7-407F-89E6-CB0DFE3A9947}.Release|Any CPU.Build.0 = Release|Any CPU
		{B0DA6947-31FF-44E4-A830-370E8C716510}.Debug|Any CPU.ActiveCfg = Debug|Any CPU
		{B0DA6947-31FF-44E4-A830-370E8C716510}.Debug|Any CPU.Build.0 = Debug|Any CPU
		{B0DA6947-31FF-44E4-A830-370E8C716510}.Release|Any CPU.ActiveCfg = Release|Any CPU
		{B0DA6947-31FF-44E4-A830-370E8C716510}.Release|Any CPU.Build.0 = Release|Any CPU
	EndGlobalSection
	GlobalSection(SolutionProperties) = preSolution
		HideSolutionNode = FALSE
	EndGlobalSection
	GlobalSection(ExtensibilityGlobals) = postSolution
		SolutionGuid = {3414080D-9F30-48B1-8057-C46CA774EF31}
	EndGlobalSection
EndGlobal
